# This file is automatically @generated by Cargo.
# It is not intended for manual editing.
version = 3

[[package]]
name = "superr"
version = "0.1.0"
dependencies = [
 "superr_optimizers",
 "superr_vm",
]

[[package]]
name = "superr_optimizers"
version = "0.1.0"
dependencies = [
 "superr_vm",
]

[[package]]
name = "superr_vm"
version = "0.1.0"
